
Microsoft Visual Studio Solution File, Format Version 12.00
# Visual Studio Version 16
VisualStudioVersion = 16.0.29728.190
MinimumVisualStudioVersion = 10.0.40219.1
Project("{FAE04EC0-301F-11D3-BF4B-00C04F79EFBC}") = "Palindrome", "Palindrome\Palindrome.csproj", "{6EB25983-3C6B-4A9A-8C85-05D81889A490}"
EndProject
Global
	GlobalSection(SolutionConfigurationPlatforms) = preSolution
		Debug|Any CPU = Debug|Any CPU
		Release|Any CPU = Release|Any CPU
	EndGlobalSection
	GlobalSection(ProjectConfigurationPlatforms) = postSolution
		{6EB25983-3C6B-4A9A-8C85-05D81889A490}.Debug|Any CPU.ActiveCfg = Debug|Any CPU
		{6EB25983-3C6B-4A9A-8C85-05D81889A490}.Debug|Any CPU.Build.0 = Debug|Any CPU
		{6EB25983-3C6B-4A9A-8C85-05D81889A490}.Release|Any CPU.ActiveCfg = Release|Any CPU
		{6EB25983-3C6B-4A9A-8C85-05D81889A490}.Release|Any CPU.Build.0 = Release|Any CPU
	EndGlobalSection
	GlobalSection(SolutionProperties) = preSolution
		HideSolutionNode = FALSE
	EndGlobalSection
	GlobalSection(ExtensibilityGlobals) = postSolution
		SolutionGuid = {B4F39759-C1BF-4ED1-9DFF-1EBCBBCB6CC6}
	EndGlobalSection
EndGlobal
