
Microsoft Visual Studio Solution File, Format Version 12.00
# Visual Studio Version 16
VisualStudioVersion = 16.0.29728.190
MinimumVisualStudioVersion = 10.0.40219.1
Project("{FAE04EC0-301F-11D3-BF4B-00C04F79EFBC}") = "Tutor 2.0", "Tutor 2.0\Tutor 2.0.csproj", "{BE0518DD-93DA-4BBC-B37F-E141BAAC0F66}"
EndProject
Global
	GlobalSection(SolutionConfigurationPlatforms) = preSolution
		Debug|Any CPU = Debug|Any CPU
		Release|Any CPU = Release|Any CPU
	EndGlobalSection
	GlobalSection(ProjectConfigurationPlatforms) = postSolution
		{BE0518DD-93DA-4BBC-B37F-E141BAAC0F66}.Debug|Any CPU.ActiveCfg = Debug|Any CPU
		{BE0518DD-93DA-4BBC-B37F-E141BAAC0F66}.Debug|Any CPU.Build.0 = Debug|Any CPU
		{BE0518DD-93DA-4BBC-B37F-E141BAAC0F66}.Release|Any CPU.ActiveCfg = Release|Any CPU
		{BE0518DD-93DA-4BBC-B37F-E141BAAC0F66}.Release|Any CPU.Build.0 = Release|Any CPU
	EndGlobalSection
	GlobalSection(SolutionProperties) = preSolution
		HideSolutionNode = FALSE
	EndGlobalSection
	GlobalSection(ExtensibilityGlobals) = postSolution
		SolutionGuid = {58CAEFF2-F7E4-4A0B-B9EF-2A65AEFF49CD}
	EndGlobalSection
EndGlobal
