
Microsoft Visual Studio Solution File, Format Version 12.00
# Visual Studio Version 16
VisualStudioVersion = 16.0.29728.190
MinimumVisualStudioVersion = 10.0.40219.1
Project("{FAE04EC0-301F-11D3-BF4B-00C04F79EFBC}") = "Homework 5", "Homework 5\Homework 5.csproj", "{56C7C740-B329-42EF-8E10-90C9B299D511}"
EndProject
Project("{FAE04EC0-301F-11D3-BF4B-00C04F79EFBC}") = "Lists", "Lists\Lists.csproj", "{D3C8D70E-C352-442D-9E58-11A2073B11D2}"
EndProject
Project("{FAE04EC0-301F-11D3-BF4B-00C04F79EFBC}") = "Dictionaries", "Dictionaries\Dictionaries.csproj", "{D1934F38-066C-4101-B6C2-7E959972CCE8}"
EndProject
Global
	GlobalSection(SolutionConfigurationPlatforms) = preSolution
		Debug|Any CPU = Debug|Any CPU
		Release|Any CPU = Release|Any CPU
	EndGlobalSection
	GlobalSection(ProjectConfigurationPlatforms) = postSolution
		{56C7C740-B329-42EF-8E10-90C9B299D511}.Debug|Any CPU.ActiveCfg = Debug|Any CPU
		{56C7C740-B329-42EF-8E10-90C9B299D511}.Debug|Any CPU.Build.0 = Debug|Any CPU
		{56C7C740-B329-42EF-8E10-90C9B299D511}.Release|Any CPU.ActiveCfg = Release|Any CPU
		{56C7C740-B329-42EF-8E10-90C9B299D511}.Release|Any CPU.Build.0 = Release|Any CPU
		{D3C8D70E-C352-442D-9E58-11A2073B11D2}.Debug|Any CPU.ActiveCfg = Debug|Any CPU
		{D3C8D70E-C352-442D-9E58-11A2073B11D2}.Debug|Any CPU.Build.0 = Debug|Any CPU
		{D3C8D70E-C352-442D-9E58-11A2073B11D2}.Release|Any CPU.ActiveCfg = Release|Any CPU
		{D3C8D70E-C352-442D-9E58-11A2073B11D2}.Release|Any CPU.Build.0 = Release|Any CPU
		{D1934F38-066C-4101-B6C2-7E959972CCE8}.Debug|Any CPU.ActiveCfg = Debug|Any CPU
		{D1934F38-066C-4101-B6C2-7E959972CCE8}.Debug|Any CPU.Build.0 = Debug|Any CPU
		{D1934F38-066C-4101-B6C2-7E959972CCE8}.Release|Any CPU.ActiveCfg = Release|Any CPU
		{D1934F38-066C-4101-B6C2-7E959972CCE8}.Release|Any CPU.Build.0 = Release|Any CPU
	EndGlobalSection
	GlobalSection(SolutionProperties) = preSolution
		HideSolutionNode = FALSE
	EndGlobalSection
	GlobalSection(ExtensibilityGlobals) = postSolution
		SolutionGuid = {B480BB7D-280E-4C47-B09E-BEAD1B8158FD}
	EndGlobalSection
EndGlobal
