
Microsoft Visual Studio Solution File, Format Version 12.00
# Visual Studio Version 16
VisualStudioVersion = 16.0.29728.190
MinimumVisualStudioVersion = 10.0.40219.1
Project("{FAE04EC0-301F-11D3-BF4B-00C04F79EFBC}") = "Homework7Classes", "Homework7Classes\Homework7Classes.csproj", "{0C7821D8-FD33-49F9-91CB-7EAA8F8306F6}"
EndProject
Global
	GlobalSection(SolutionConfigurationPlatforms) = preSolution
		Debug|Any CPU = Debug|Any CPU
		Release|Any CPU = Release|Any CPU
	EndGlobalSection
	GlobalSection(ProjectConfigurationPlatforms) = postSolution
		{0C7821D8-FD33-49F9-91CB-7EAA8F8306F6}.Debug|Any CPU.ActiveCfg = Debug|Any CPU
		{0C7821D8-FD33-49F9-91CB-7EAA8F8306F6}.Debug|Any CPU.Build.0 = Debug|Any CPU
		{0C7821D8-FD33-49F9-91CB-7EAA8F8306F6}.Release|Any CPU.ActiveCfg = Release|Any CPU
		{0C7821D8-FD33-49F9-91CB-7EAA8F8306F6}.Release|Any CPU.Build.0 = Release|Any CPU
	EndGlobalSection
	GlobalSection(SolutionProperties) = preSolution
		HideSolutionNode = FALSE
	EndGlobalSection
	GlobalSection(ExtensibilityGlobals) = postSolution
		SolutionGuid = {512A06D6-EFBE-40CD-B22E-2B374127FA8B}
	EndGlobalSection
EndGlobal
