
Microsoft Visual Studio Solution File, Format Version 12.00
# Visual Studio Version 16
VisualStudioVersion = 16.0.29728.190
MinimumVisualStudioVersion = 10.0.40219.1
Project("{FAE04EC0-301F-11D3-BF4B-00C04F79EFBC}") = "DaysinaMonth2.0", "DaysinaMonth2.0\DaysinaMonth2.0.csproj", "{3686DEDC-6F6C-4F18-A1D0-A45BB66774C9}"
EndProject
Global
	GlobalSection(SolutionConfigurationPlatforms) = preSolution
		Debug|Any CPU = Debug|Any CPU
		Release|Any CPU = Release|Any CPU
	EndGlobalSection
	GlobalSection(ProjectConfigurationPlatforms) = postSolution
		{3686DEDC-6F6C-4F18-A1D0-A45BB66774C9}.Debug|Any CPU.ActiveCfg = Debug|Any CPU
		{3686DEDC-6F6C-4F18-A1D0-A45BB66774C9}.Debug|Any CPU.Build.0 = Debug|Any CPU
		{3686DEDC-6F6C-4F18-A1D0-A45BB66774C9}.Release|Any CPU.ActiveCfg = Release|Any CPU
		{3686DEDC-6F6C-4F18-A1D0-A45BB66774C9}.Release|Any CPU.Build.0 = Release|Any CPU
	EndGlobalSection
	GlobalSection(SolutionProperties) = preSolution
		HideSolutionNode = FALSE
	EndGlobalSection
	GlobalSection(ExtensibilityGlobals) = postSolution
		SolutionGuid = {837BA014-0E9C-4DE5-836A-8B61B9E52B71}
	EndGlobalSection
EndGlobal
