
Microsoft Visual Studio Solution File, Format Version 12.00
# Visual Studio Version 16
VisualStudioVersion = 16.0.29728.190
MinimumVisualStudioVersion = 10.0.40219.1
Project("{FAE04EC0-301F-11D3-BF4B-00C04F79EFBC}") = "WPF 2.00", "WPF 2.00\WPF 2.00.csproj", "{5E279A07-6B74-4606-B6E0-040327ACF24B}"
EndProject
Global
	GlobalSection(SolutionConfigurationPlatforms) = preSolution
		Debug|Any CPU = Debug|Any CPU
		Release|Any CPU = Release|Any CPU
	EndGlobalSection
	GlobalSection(ProjectConfigurationPlatforms) = postSolution
		{5E279A07-6B74-4606-B6E0-040327ACF24B}.Debug|Any CPU.ActiveCfg = Debug|Any CPU
		{5E279A07-6B74-4606-B6E0-040327ACF24B}.Debug|Any CPU.Build.0 = Debug|Any CPU
		{5E279A07-6B74-4606-B6E0-040327ACF24B}.Release|Any CPU.ActiveCfg = Release|Any CPU
		{5E279A07-6B74-4606-B6E0-040327ACF24B}.Release|Any CPU.Build.0 = Release|Any CPU
	EndGlobalSection
	GlobalSection(SolutionProperties) = preSolution
		HideSolutionNode = FALSE
	EndGlobalSection
	GlobalSection(ExtensibilityGlobals) = postSolution
		SolutionGuid = {9A08D700-C133-4793-B127-4A731CBDC064}
	EndGlobalSection
EndGlobal
