
Microsoft Visual Studio Solution File, Format Version 12.00
# Visual Studio Version 16
VisualStudioVersion = 16.0.29728.190
MinimumVisualStudioVersion = 10.0.40219.1
Project("{FAE04EC0-301F-11D3-BF4B-00C04F79EFBC}") = "Tuition Increase 3.0", "Tuition Increase 3.0\Tuition Increase 3.0.csproj", "{5E5104A1-3A35-4857-8785-FDA9954CBB62}"
EndProject
Global
	GlobalSection(SolutionConfigurationPlatforms) = preSolution
		Debug|Any CPU = Debug|Any CPU
		Release|Any CPU = Release|Any CPU
	EndGlobalSection
	GlobalSection(ProjectConfigurationPlatforms) = postSolution
		{5E5104A1-3A35-4857-8785-FDA9954CBB62}.Debug|Any CPU.ActiveCfg = Debug|Any CPU
		{5E5104A1-3A35-4857-8785-FDA9954CBB62}.Debug|Any CPU.Build.0 = Debug|Any CPU
		{5E5104A1-3A35-4857-8785-FDA9954CBB62}.Release|Any CPU.ActiveCfg = Release|Any CPU
		{5E5104A1-3A35-4857-8785-FDA9954CBB62}.Release|Any CPU.Build.0 = Release|Any CPU
	EndGlobalSection
	GlobalSection(SolutionProperties) = preSolution
		HideSolutionNode = FALSE
	EndGlobalSection
	GlobalSection(ExtensibilityGlobals) = postSolution
		SolutionGuid = {0123CF7D-497D-4DC4-BF45-ED8EC449016E}
	EndGlobalSection
EndGlobal
