
Microsoft Visual Studio Solution File, Format Version 12.00
# Visual Studio Version 16
VisualStudioVersion = 16.0.29728.190
MinimumVisualStudioVersion = 10.0.40219.1
Project("{FAE04EC0-301F-11D3-BF4B-00C04F79EFBC}") = "Accumulator4.0", "Accumulator4.0\Accumulator4.0.csproj", "{8588E9F5-E650-4FD3-AD5B-810EC9D5BFE7}"
EndProject
Global
	GlobalSection(SolutionConfigurationPlatforms) = preSolution
		Debug|Any CPU = Debug|Any CPU
		Release|Any CPU = Release|Any CPU
	EndGlobalSection
	GlobalSection(ProjectConfigurationPlatforms) = postSolution
		{8588E9F5-E650-4FD3-AD5B-810EC9D5BFE7}.Debug|Any CPU.ActiveCfg = Debug|Any CPU
		{8588E9F5-E650-4FD3-AD5B-810EC9D5BFE7}.Debug|Any CPU.Build.0 = Debug|Any CPU
		{8588E9F5-E650-4FD3-AD5B-810EC9D5BFE7}.Release|Any CPU.ActiveCfg = Release|Any CPU
		{8588E9F5-E650-4FD3-AD5B-810EC9D5BFE7}.Release|Any CPU.Build.0 = Release|Any CPU
	EndGlobalSection
	GlobalSection(SolutionProperties) = preSolution
		HideSolutionNode = FALSE
	EndGlobalSection
	GlobalSection(ExtensibilityGlobals) = postSolution
		SolutionGuid = {473B7B05-3FCA-4AB5-B18F-F17258691F9C}
	EndGlobalSection
EndGlobal
